// !$*UTF8*$!
{
	archiveVersion = 1;
	classes = {
	};
	objectVersion = 55;
	objects = {

/* Begin PBXBuildFile section */
		C72AA915284A7E6B00CFBB8D /* gflProjectApp.swift in Sources */ = {isa = PBXBuildFile; fileRef = C72AA914284A7E6B00CFBB8D /* gflProjectApp.swift */; };
		C72AA917284A7E6B00CFBB8D /* ContentView.swift in Sources */ = {isa = PBXBuildFile; fileRef = C72AA916284A7E6B00CFBB8D /* ContentView.swift */; };
		C72AA919284A7E6D00CFBB8D /* Assets.xcassets in Resources */ = {isa = PBXBuildFile; fileRef = C72AA918284A7E6D00CFBB8D /* Assets.xcassets */; };
		C72AA91C284A7E6D00CFBB8D /* Preview Assets.xcassets in Resources */ = {isa = PBXBuildFile; fileRef = C72AA91B284A7E6D00CFBB8D /* Preview Assets.xcassets */; };
		C72AA927284A7EE400CFBB8D /* NavigationBar.swift in Sources */ = {isa = PBXBuildFile; fileRef = C72AA926284A7EE400CFBB8D /* NavigationBar.swift */; };
		C72AA92A284A7F0F00CFBB8D /* TabBar.swift in Sources */ = {isa = PBXBuildFile; fileRef = C72AA929284A7F0F00CFBB8D /* TabBar.swift */; };
		C72AA92F284A7F6D00CFBB8D /* TdollList.swift in Sources */ = {isa = PBXBuildFile; fileRef = C72AA92E284A7F6D00CFBB8D /* TdollList.swift */; };
		C72AA932284A80B700CFBB8D /* Home.swift in Sources */ = {isa = PBXBuildFile; fileRef = C72AA931284A80B700CFBB8D /* Home.swift */; };
		C72AA937284A947300CFBB8D /* EquipmentList.swift in Sources */ = {isa = PBXBuildFile; fileRef = C72AA936284A947300CFBB8D /* EquipmentList.swift */; };
		C72AA939284A948F00CFBB8D /* TdollCard.swift in Sources */ = {isa = PBXBuildFile; fileRef = C72AA938284A948F00CFBB8D /* TdollCard.swift */; };
		C72AA93B284A94A400CFBB8D /* EquipmentCard.swift in Sources */ = {isa = PBXBuildFile; fileRef = C72AA93A284A94A400CFBB8D /* EquipmentCard.swift */; };
		C72AA93D284A951400CFBB8D /* Tdoll.swift in Sources */ = {isa = PBXBuildFile; fileRef = C72AA93C284A951400CFBB8D /* Tdoll.swift */; };
		C7C866A4284E78B6002DAE24 /* TdollListViewModel.swift in Sources */ = {isa = PBXBuildFile; fileRef = C7C866A3284E78B6002DAE24 /* TdollListViewModel.swift */; };
		C7CA7779284A9A4200E70BD8 /* Equipment.swift in Sources */ = {isa = PBXBuildFile; fileRef = C7CA7778284A9A4200E70BD8 /* Equipment.swift */; };
		C7CA777B284A9BAC00E70BD8 /* User.swift in Sources */ = {isa = PBXBuildFile; fileRef = C7CA777A284A9BAC00E70BD8 /* User.swift */; };
		C7DDADA02857D73900BDC8EC /* Search.swift in Sources */ = {isa = PBXBuildFile; fileRef = C7DDAD9F2857D73900BDC8EC /* Search.swift */; };
		C7DDADA42857E72400BDC8EC /* Ripple.swift in Sources */ = {isa = PBXBuildFile; fileRef = C7DDADA32857E72400BDC8EC /* Ripple.swift */; };
		C7DDADA62857E95000BDC8EC /* EquipmentsHome.swift in Sources */ = {isa = PBXBuildFile; fileRef = C7DDADA52857E95000BDC8EC /* EquipmentsHome.swift */; };
		C7DDADA82857EA4300BDC8EC /* EquipmentListViewModel.swift in Sources */ = {isa = PBXBuildFile; fileRef = C7DDADA72857EA4300BDC8EC /* EquipmentListViewModel.swift */; };
		C7E8D8EA285FA7C200D89CB9 /* TdollPost.swift in Sources */ = {isa = PBXBuildFile; fileRef = C7E8D8E9285FA7C200D89CB9 /* TdollPost.swift */; };
		C7E8D8EE285FA85200D89CB9 /* TdollPostViewModel.swift in Sources */ = {isa = PBXBuildFile; fileRef = C7E8D8ED285FA85200D89CB9 /* TdollPostViewModel.swift */; };
		C7E8D8F1285FBB3700D89CB9 /* TopBar.swift in Sources */ = {isa = PBXBuildFile; fileRef = C7E8D8F0285FBB3700D89CB9 /* TopBar.swift */; };
/* End PBXBuildFile section */

/* Begin PBXFileReference section */
		C72AA911284A7E6B00CFBB8D /* gflProject.app */ = {isa = PBXFileReference; explicitFileType = wrapper.application; includeInIndex = 0; path = gflProject.app; sourceTree = BUILT_PRODUCTS_DIR; };
		C72AA914284A7E6B00CFBB8D /* gflProjectApp.swift */ = {isa = PBXFileReference; lastKnownFileType = sourcecode.swift; path = gflProjectApp.swift; sourceTree = "<group>"; };
		C72AA916284A7E6B00CFBB8D /* ContentView.swift */ = {isa = PBXFileReference; lastKnownFileType = sourcecode.swift; path = ContentView.swift; sourceTree = "<group>"; };
		C72AA918284A7E6D00CFBB8D /* Assets.xcassets */ = {isa = PBXFileReference; lastKnownFileType = folder.assetcatalog; path = Assets.xcassets; sourceTree = "<group>"; };
		C72AA91B284A7E6D00CFBB8D /* Preview Assets.xcassets */ = {isa = PBXFileReference; lastKnownFileType = folder.assetcatalog; path = "Preview Assets.xcassets"; sourceTree = "<group>"; };
		C72AA926284A7EE400CFBB8D /* NavigationBar.swift */ = {isa = PBXFileReference; lastKnownFileType = sourcecode.swift; path = NavigationBar.swift; sourceTree = "<group>"; };
		C72AA929284A7F0F00CFBB8D /* TabBar.swift */ = {isa = PBXFileReference; lastKnownFileType = sourcecode.swift; path = TabBar.swift; sourceTree = "<group>"; };
		C72AA92E284A7F6D00CFBB8D /* TdollList.swift */ = {isa = PBXFileReference; lastKnownFileType = sourcecode.swift; path = TdollList.swift; sourceTree = "<group>"; };
		C72AA931284A80B700CFBB8D /* Home.swift */ = {isa = PBXFileReference; lastKnownFileType = sourcecode.swift; path = Home.swift; sourceTree = "<group>"; };
		C72AA936284A947300CFBB8D /* EquipmentList.swift */ = {isa = PBXFileReference; lastKnownFileType = sourcecode.swift; path = EquipmentList.swift; sourceTree = "<group>"; };
		C72AA938284A948F00CFBB8D /* TdollCard.swift */ = {isa = PBXFileReference; lastKnownFileType = sourcecode.swift; path = TdollCard.swift; sourceTree = "<group>"; };
		C72AA93A284A94A400CFBB8D /* EquipmentCard.swift */ = {isa = PBXFileReference; lastKnownFileType = sourcecode.swift; path = EquipmentCard.swift; sourceTree = "<group>"; };
		C72AA93C284A951400CFBB8D /* Tdoll.swift */ = {isa = PBXFileReference; lastKnownFileType = sourcecode.swift; path = Tdoll.swift; sourceTree = "<group>"; };
		C7C866A3284E78B6002DAE24 /* TdollListViewModel.swift */ = {isa = PBXFileReference; lastKnownFileType = sourcecode.swift; path = TdollListViewModel.swift; sourceTree = "<group>"; };
		C7CA7778284A9A4200E70BD8 /* Equipment.swift */ = {isa = PBXFileReference; lastKnownFileType = sourcecode.swift; path = Equipment.swift; sourceTree = "<group>"; };
		C7CA777A284A9BAC00E70BD8 /* User.swift */ = {isa = PBXFileReference; lastKnownFileType = sourcecode.swift; path = User.swift; sourceTree = "<group>"; };
		C7DDAD9F2857D73900BDC8EC /* Search.swift */ = {isa = PBXFileReference; lastKnownFileType = sourcecode.swift; path = Search.swift; sourceTree = "<group>"; };
		C7DDADA32857E72400BDC8EC /* Ripple.swift */ = {isa = PBXFileReference; lastKnownFileType = sourcecode.swift; path = Ripple.swift; sourceTree = "<group>"; };
		C7DDADA52857E95000BDC8EC /* EquipmentsHome.swift */ = {isa = PBXFileReference; lastKnownFileType = sourcecode.swift; path = EquipmentsHome.swift; sourceTree = "<group>"; };
		C7DDADA72857EA4300BDC8EC /* EquipmentListViewModel.swift */ = {isa = PBXFileReference; lastKnownFileType = sourcecode.swift; path = EquipmentListViewModel.swift; sourceTree = "<group>"; };
		C7E8D8E9285FA7C200D89CB9 /* TdollPost.swift */ = {isa = PBXFileReference; lastKnownFileType = sourcecode.swift; path = TdollPost.swift; sourceTree = "<group>"; };
		C7E8D8ED285FA85200D89CB9 /* TdollPostViewModel.swift */ = {isa = PBXFileReference; lastKnownFileType = sourcecode.swift; path = TdollPostViewModel.swift; sourceTree = "<group>"; };
		C7E8D8F0285FBB3700D89CB9 /* TopBar.swift */ = {isa = PBXFileReference; lastKnownFileType = sourcecode.swift; path = TopBar.swift; sourceTree = "<group>"; };
/* End PBXFileReference section */

/* Begin PBXFrameworksBuildPhase section */
		C72AA90E284A7E6B00CFBB8D /* Frameworks */ = {
			isa = PBXFrameworksBuildPhase;
			buildActionMask = 2147483647;
			files = (
			);
			runOnlyForDeploymentPostprocessing = 0;
		};
/* End PBXFrameworksBuildPhase section */

/* Begin PBXGroup section */
		C72AA908284A7E6B00CFBB8D = {
			isa = PBXGroup;
			children = (
				C72AA913284A7E6B00CFBB8D /* gflProject */,
				C72AA912284A7E6B00CFBB8D /* Products */,
			);
			sourceTree = "<group>";
		};
		C72AA912284A7E6B00CFBB8D /* Products */ = {
			isa = PBXGroup;
			children = (
				C72AA911284A7E6B00CFBB8D /* gflProject.app */,
			);
			name = Products;
			sourceTree = "<group>";
		};
		C72AA913284A7E6B00CFBB8D /* gflProject */ = {
			isa = PBXGroup;
			children = (
				C7DDADA12857E6FC00BDC8EC /* Extensions */,
				C72AA924284A7EBF00CFBB8D /* ViewModel */,
				C72AA923284A7EBA00CFBB8D /* View */,
				C72AA922284A7EB400CFBB8D /* Model */,
				C72AA914284A7E6B00CFBB8D /* gflProjectApp.swift */,
				C72AA916284A7E6B00CFBB8D /* ContentView.swift */,
				C72AA918284A7E6D00CFBB8D /* Assets.xcassets */,
				C72AA91A284A7E6D00CFBB8D /* Preview Content */,
			);
			path = gflProject;
			sourceTree = "<group>";
		};
		C72AA91A284A7E6D00CFBB8D /* Preview Content */ = {
			isa = PBXGroup;
			children = (
				C72AA91B284A7E6D00CFBB8D /* Preview Assets.xcassets */,
			);
			path = "Preview Content";
			sourceTree = "<group>";
		};
		C72AA922284A7EB400CFBB8D /* Model */ = {
			isa = PBXGroup;
			children = (
				C72AA93C284A951400CFBB8D /* Tdoll.swift */,
				C7CA7778284A9A4200E70BD8 /* Equipment.swift */,
				C7CA777A284A9BAC00E70BD8 /* User.swift */,
			);
			path = Model;
			sourceTree = "<group>";
		};
		C72AA923284A7EBA00CFBB8D /* View */ = {
			isa = PBXGroup;
			children = (
				C7E8D8EF285FBB1A00D89CB9 /* TopBar */,
				C7DDAD9E2857D72A00BDC8EC /* Search */,
				C72AA933284A81A100CFBB8D /* Equipments */,
				C72AA930284A80A900CFBB8D /* Home */,
				C72AA92B284A7F4800CFBB8D /* Tdoll */,
				C72AA928284A7EFF00CFBB8D /* TabBar */,
				C72AA925284A7EC900CFBB8D /* NavigationBar */,
			);
			path = View;
			sourceTree = "<group>";
		};
		C72AA924284A7EBF00CFBB8D /* ViewModel */ = {
			isa = PBXGroup;
			children = (
				C7E8D8EC285FA82E00D89CB9 /* Equipment */,
				C7E8D8EB285FA82700D89CB9 /* Tdoll */,
			);
			path = ViewModel;
			sourceTree = "<group>";
		};
		C72AA925284A7EC900CFBB8D /* NavigationBar */ = {
			isa = PBXGroup;
			children = (
				C72AA926284A7EE400CFBB8D /* NavigationBar.swift */,
			);
			path = NavigationBar;
			sourceTree = "<group>";
		};
		C72AA928284A7EFF00CFBB8D /* TabBar */ = {
			isa = PBXGroup;
			children = (
				C72AA929284A7F0F00CFBB8D /* TabBar.swift */,
			);
			path = TabBar;
			sourceTree = "<group>";
		};
		C72AA92B284A7F4800CFBB8D /* Tdoll */ = {
			isa = PBXGroup;
			children = (
				C72AA92D284A7F5C00CFBB8D /* Card */,
				C72AA92C284A7F5400CFBB8D /* List */,
				C7E8D8E9285FA7C200D89CB9 /* TdollPost.swift */,
			);
			path = Tdoll;
			sourceTree = "<group>";
		};
		C72AA92C284A7F5400CFBB8D /* List */ = {
			isa = PBXGroup;
			children = (
				C72AA92E284A7F6D00CFBB8D /* TdollList.swift */,
			);
			path = List;
			sourceTree = "<group>";
		};
		C72AA92D284A7F5C00CFBB8D /* Card */ = {
			isa = PBXGroup;
			children = (
				C72AA938284A948F00CFBB8D /* TdollCard.swift */,
			);
			path = Card;
			sourceTree = "<group>";
		};
		C72AA930284A80A900CFBB8D /* Home */ = {
			isa = PBXGroup;
			children = (
				C72AA931284A80B700CFBB8D /* Home.swift */,
				C7DDADA52857E95000BDC8EC /* EquipmentsHome.swift */,
			);
			path = Home;
			sourceTree = "<group>";
		};
		C72AA933284A81A100CFBB8D /* Equipments */ = {
			isa = PBXGroup;
			children = (
				C72AA935284A93C100CFBB8D /* List */,
				C72AA934284A93BB00CFBB8D /* Card */,
			);
			path = Equipments;
			sourceTree = "<group>";
		};
		C72AA934284A93BB00CFBB8D /* Card */ = {
			isa = PBXGroup;
			children = (
				C72AA93A284A94A400CFBB8D /* EquipmentCard.swift */,
			);
			path = Card;
			sourceTree = "<group>";
		};
		C72AA935284A93C100CFBB8D /* List */ = {
			isa = PBXGroup;
			children = (
				C72AA936284A947300CFBB8D /* EquipmentList.swift */,
			);
			path = List;
			sourceTree = "<group>";
		};
		C7DDAD9E2857D72A00BDC8EC /* Search */ = {
			isa = PBXGroup;
			children = (
				C7DDAD9F2857D73900BDC8EC /* Search.swift */,
			);
			path = Search;
			sourceTree = "<group>";
		};
		C7DDADA12857E6FC00BDC8EC /* Extensions */ = {
			isa = PBXGroup;
			children = (
				C7DDADA22857E70800BDC8EC /* Animations */,
			);
			path = Extensions;
			sourceTree = "<group>";
		};
		C7DDADA22857E70800BDC8EC /* Animations */ = {
			isa = PBXGroup;
			children = (
				C7DDADA32857E72400BDC8EC /* Ripple.swift */,
			);
			path = Animations;
			sourceTree = "<group>";
		};
		C7E8D8EB285FA82700D89CB9 /* Tdoll */ = {
			isa = PBXGroup;
			children = (
				C7C866A3284E78B6002DAE24 /* TdollListViewModel.swift */,
				C7E8D8ED285FA85200D89CB9 /* TdollPostViewModel.swift */,
			);
			path = Tdoll;
			sourceTree = "<group>";
		};
		C7E8D8EC285FA82E00D89CB9 /* Equipment */ = {
			isa = PBXGroup;
			children = (
				C7DDADA72857EA4300BDC8EC /* EquipmentListViewModel.swift */,
			);
			path = Equipment;
			sourceTree = "<group>";
		};
		C7E8D8EF285FBB1A00D89CB9 /* TopBar */ = {
			isa = PBXGroup;
			children = (
				C7E8D8F0285FBB3700D89CB9 /* TopBar.swift */,
			);
			path = TopBar;
			sourceTree = "<group>";
		};
/* End PBXGroup section */

/* Begin PBXNativeTarget section */
		C72AA910284A7E6B00CFBB8D /* gflProject */ = {
			isa = PBXNativeTarget;
			buildConfigurationList = C72AA91F284A7E6D00CFBB8D /* Build configuration list for PBXNativeTarget "gflProject" */;
			buildPhases = (
				C72AA90D284A7E6B00CFBB8D /* Sources */,
				C72AA90E284A7E6B00CFBB8D /* Frameworks */,
				C72AA90F284A7E6B00CFBB8D /* Resources */,
			);
			buildRules = (
			);
			dependencies = (
			);
			name = gflProject;
			productName = gflProject;
			productReference = C72AA911284A7E6B00CFBB8D /* gflProject.app */;
			productType = "com.apple.product-type.application";
		};
/* End PBXNativeTarget section */

/* Begin PBXProject section */
		C72AA909284A7E6B00CFBB8D /* Project object */ = {
			isa = PBXProject;
			attributes = {
				BuildIndependentTargetsInParallel = 1;
				LastSwiftUpdateCheck = 1330;
				LastUpgradeCheck = 1330;
				TargetAttributes = {
					C72AA910284A7E6B00CFBB8D = {
						CreatedOnToolsVersion = 13.3;
					};
				};
			};
			buildConfigurationList = C72AA90C284A7E6B00CFBB8D /* Build configuration list for PBXProject "gflProject" */;
			compatibilityVersion = "Xcode 13.0";
			developmentRegion = en;
			hasScannedForEncodings = 0;
			knownRegions = (
				en,
				Base,
			);
			mainGroup = C72AA908284A7E6B00CFBB8D;
			productRefGroup = C72AA912284A7E6B00CFBB8D /* Products */;
			projectDirPath = "";
			projectRoot = "";
			targets = (
				C72AA910284A7E6B00CFBB8D /* gflProject */,
			);
		};
/* End PBXProject section */

/* Begin PBXResourcesBuildPhase section */
		C72AA90F284A7E6B00CFBB8D /* Resources */ = {
			isa = PBXResourcesBuildPhase;
			buildActionMask = 2147483647;
			files = (
				C72AA91C284A7E6D00CFBB8D /* Preview Assets.xcassets in Resources */,
				C72AA919284A7E6D00CFBB8D /* Assets.xcassets in Resources */,
			);
			runOnlyForDeploymentPostprocessing = 0;
		};
/* End PBXResourcesBuildPhase section */

/* Begin PBXSourcesBuildPhase section */
		C72AA90D284A7E6B00CFBB8D /* Sources */ = {
			isa = PBXSourcesBuildPhase;
			buildActionMask = 2147483647;
			files = (
				C72AA937284A947300CFBB8D /* EquipmentList.swift in Sources */,
				C72AA93B284A94A400CFBB8D /* EquipmentCard.swift in Sources */,
				C7CA7779284A9A4200E70BD8 /* Equipment.swift in Sources */,
				C7E8D8EA285FA7C200D89CB9 /* TdollPost.swift in Sources */,
				C7E8D8EE285FA85200D89CB9 /* TdollPostViewModel.swift in Sources */,
				C7DDADA62857E95000BDC8EC /* EquipmentsHome.swift in Sources */,
				C72AA92F284A7F6D00CFBB8D /* TdollList.swift in Sources */,
				C7E8D8F1285FBB3700D89CB9 /* TopBar.swift in Sources */,
				C72AA93D284A951400CFBB8D /* Tdoll.swift in Sources */,
				C72AA917284A7E6B00CFBB8D /* ContentView.swift in Sources */,
				C7DDADA82857EA4300BDC8EC /* EquipmentListViewModel.swift in Sources */,
				C72AA939284A948F00CFBB8D /* TdollCard.swift in Sources */,
				C72AA915284A7E6B00CFBB8D /* gflProjectApp.swift in Sources */,
				C7CA777B284A9BAC00E70BD8 /* User.swift in Sources */,
				C7C866A4284E78B6002DAE24 /* TdollListViewModel.swift in Sources */,
				C72AA927284A7EE400CFBB8D /* NavigationBar.swift in Sources */,
				C72AA932284A80B700CFBB8D /* Home.swift in Sources */,
				C7DDADA42857E72400BDC8EC /* Ripple.swift in Sources */,
				C72AA92A284A7F0F00CFBB8D /* TabBar.swift in Sources */,
				C7DDADA02857D73900BDC8EC /* Search.swift in Sources */,
			);
			runOnlyForDeploymentPostprocessing = 0;
		};
/* End PBXSourcesBuildPhase section */

/* Begin XCBuildConfiguration section */
		C72AA91D284A7E6D00CFBB8D /* Debug */ = {
			isa = XCBuildConfiguration;
			buildSettings = {
				ALWAYS_SEARCH_USER_PATHS = NO;
				CLANG_ANALYZER_NONNULL = YES;
				CLANG_ANALYZER_NUMBER_OBJECT_CONVERSION = YES_AGGRESSIVE;
				CLANG_CXX_LANGUAGE_STANDARD = "gnu++17";
				CLANG_ENABLE_MODULES = YES;
				CLANG_ENABLE_OBJC_ARC = YES;
				CLANG_ENABLE_OBJC_WEAK = YES;
				CLANG_WARN_BLOCK_CAPTURE_AUTORELEASING = YES;
				CLANG_WARN_BOOL_CONVERSION = YES;
				CLANG_WARN_COMMA = YES;
				CLANG_WARN_CONSTANT_CONVERSION = YES;
				CLANG_WARN_DEPRECATED_OBJC_IMPLEMENTATIONS = YES;
				CLANG_WARN_DIRECT_OBJC_ISA_USAGE = YES_ERROR;
				CLANG_WARN_DOCUMENTATION_COMMENTS = YES;
				CLANG_WARN_EMPTY_BODY = YES;
				CLANG_WARN_ENUM_CONVERSION = YES;
				CLANG_WARN_INFINITE_RECURSION = YES;
				CLANG_WARN_INT_CONVERSION = YES;
				CLANG_WARN_NON_LITERAL_NULL_CONVERSION = YES;
				CLANG_WARN_OBJC_IMPLICIT_RETAIN_SELF = YES;
				CLANG_WARN_OBJC_LITERAL_CONVERSION = YES;
				CLANG_WARN_OBJC_ROOT_CLASS = YES_ERROR;
				CLANG_WARN_QUOTED_INCLUDE_IN_FRAMEWORK_HEADER = YES;
				CLANG_WARN_RANGE_LOOP_ANALYSIS = YES;
				CLANG_WARN_STRICT_PROTOTYPES = YES;
				CLANG_WARN_SUSPICIOUS_MOVE = YES;
				CLANG_WARN_UNGUARDED_AVAILABILITY = YES_AGGRESSIVE;
				CLANG_WARN_UNREACHABLE_CODE = YES;
				CLANG_WARN__DUPLICATE_METHOD_MATCH = YES;
				COPY_PHASE_STRIP = NO;
				DEBUG_INFORMATION_FORMAT = dwarf;
				ENABLE_STRICT_OBJC_MSGSEND = YES;
				ENABLE_TESTABILITY = YES;
				GCC_C_LANGUAGE_STANDARD = gnu11;
				GCC_DYNAMIC_NO_PIC = NO;
				GCC_NO_COMMON_BLOCKS = YES;
				GCC_OPTIMIZATION_LEVEL = 0;
				GCC_PREPROCESSOR_DEFINITIONS = (
					"DEBUG=1",
					"$(inherited)",
				);
				GCC_WARN_64_TO_32_BIT_CONVERSION = YES;
				GCC_WARN_ABOUT_RETURN_TYPE = YES_ERROR;
				GCC_WARN_UNDECLARED_SELECTOR = YES;
				GCC_WARN_UNINITIALIZED_AUTOS = YES_AGGRESSIVE;
				GCC_WARN_UNUSED_FUNCTION = YES;
				GCC_WARN_UNUSED_VARIABLE = YES;
				IPHONEOS_DEPLOYMENT_TARGET = 15.4;
				MTL_ENABLE_DEBUG_INFO = INCLUDE_SOURCE;
				MTL_FAST_MATH = YES;
				ONLY_ACTIVE_ARCH = YES;
				SDKROOT = iphoneos;
				SWIFT_ACTIVE_COMPILATION_CONDITIONS = DEBUG;
				SWIFT_OPTIMIZATION_LEVEL = "-Onone";
			};
			name = Debug;
		};
		C72AA91E284A7E6D00CFBB8D /* Release */ = {
			isa = XCBuildConfiguration;
			buildSettings = {
				ALWAYS_SEARCH_USER_PATHS = NO;
				CLANG_ANALYZER_NONNULL = YES;
				CLANG_ANALYZER_NUMBER_OBJECT_CONVERSION = YES_AGGRESSIVE;
				CLANG_CXX_LANGUAGE_STANDARD = "gnu++17";
				CLANG_ENABLE_MODULES = YES;
				CLANG_ENABLE_OBJC_ARC = YES;
				CLANG_ENABLE_OBJC_WEAK = YES;
				CLANG_WARN_BLOCK_CAPTURE_AUTORELEASING = YES;
				CLANG_WARN_BOOL_CONVERSION = YES;
				CLANG_WARN_COMMA = YES;
				CLANG_WARN_CONSTANT_CONVERSION = YES;
				CLANG_WARN_DEPRECATED_OBJC_IMPLEMENTATIONS = YES;
				CLANG_WARN_DIRECT_OBJC_ISA_USAGE = YES_ERROR;
				CLANG_WARN_DOCUMENTATION_COMMENTS = YES;
				CLANG_WARN_EMPTY_BODY = YES;
				CLANG_WARN_ENUM_CONVERSION = YES;
				CLANG_WARN_INFINITE_RECURSION = YES;
				CLANG_WARN_INT_CONVERSION = YES;
				CLANG_WARN_NON_LITERAL_NULL_CONVERSION = YES;
				CLANG_WARN_OBJC_IMPLICIT_RETAIN_SELF = YES;
				CLANG_WARN_OBJC_LITERAL_CONVERSION = YES;
				CLANG_WARN_OBJC_ROOT_CLASS = YES_ERROR;
				CLANG_WARN_QUOTED_INCLUDE_IN_FRAMEWORK_HEADER = YES;
				CLANG_WARN_RANGE_LOOP_ANALYSIS = YES;
				CLANG_WARN_STRICT_PROTOTYPES = YES;
				CLANG_WARN_SUSPICIOUS_MOVE = YES;
				CLANG_WARN_UNGUARDED_AVAILABILITY = YES_AGGRESSIVE;
				CLANG_WARN_UNREACHABLE_CODE = YES;
				CLANG_WARN__DUPLICATE_METHOD_MATCH = YES;
				COPY_PHASE_STRIP = NO;
				DEBUG_INFORMATION_FORMAT = "dwarf-with-dsym";
				ENABLE_NS_ASSERTIONS = NO;
				ENABLE_STRICT_OBJC_MSGSEND = YES;
				GCC_C_LANGUAGE_STANDARD = gnu11;
				GCC_NO_COMMON_BLOCKS = YES;
				GCC_WARN_64_TO_32_BIT_CONVERSION = YES;
				GCC_WARN_ABOUT_RETURN_TYPE = YES_ERROR;
				GCC_WARN_UNDECLARED_SELECTOR = YES;
				GCC_WARN_UNINITIALIZED_AUTOS = YES_AGGRESSIVE;
				GCC_WARN_UNUSED_FUNCTION = YES;
				GCC_WARN_UNUSED_VARIABLE = YES;
				IPHONEOS_DEPLOYMENT_TARGET = 15.4;
				MTL_ENABLE_DEBUG_INFO = NO;
				MTL_FAST_MATH = YES;
				SDKROOT = iphoneos;
				SWIFT_COMPILATION_MODE = wholemodule;
				SWIFT_OPTIMIZATION_LEVEL = "-O";
				VALIDATE_PRODUCT = YES;
			};
			name = Release;
		};
		C72AA920284A7E6D00CFBB8D /* Debug */ = {
			isa = XCBuildConfiguration;
			buildSettings = {
				ASSETCATALOG_COMPILER_APPICON_NAME = AppIcon;
				ASSETCATALOG_COMPILER_GLOBAL_ACCENT_COLOR_NAME = AccentColor;
				CODE_SIGN_STYLE = Automatic;
				CURRENT_PROJECT_VERSION = 1;
				DEVELOPMENT_ASSET_PATHS = "\"gflProject/Preview Content\"";
				DEVELOPMENT_TEAM = D5BV56735U;
				ENABLE_PREVIEWS = YES;
				GENERATE_INFOPLIST_FILE = YES;
				INFOPLIST_KEY_UIApplicationSceneManifest_Generation = YES;
				INFOPLIST_KEY_UIApplicationSupportsIndirectInputEvents = YES;
				INFOPLIST_KEY_UILaunchScreen_Generation = YES;
				INFOPLIST_KEY_UISupportedInterfaceOrientations_iPad = "UIInterfaceOrientationPortrait UIInterfaceOrientationPortraitUpsideDown UIInterfaceOrientationLandscapeLeft UIInterfaceOrientationLandscapeRight";
				INFOPLIST_KEY_UISupportedInterfaceOrientations_iPhone = "UIInterfaceOrientationPortrait UIInterfaceOrientationLandscapeLeft UIInterfaceOrientationLandscapeRight";
				LD_RUNPATH_SEARCH_PATHS = (
					"$(inherited)",
					"@executable_path/Frameworks",
				);
				MARKETING_VERSION = 1.0;
				PRODUCT_BUNDLE_IDENTIFIER = br.com.matheusvinicius.gflproject.gflProject;
				PRODUCT_NAME = "$(TARGET_NAME)";
				SWIFT_EMIT_LOC_STRINGS = YES;
				SWIFT_VERSION = 5.0;
				TARGETED_DEVICE_FAMILY = "1,2";
			};
			name = Debug;
		};
		C72AA921284A7E6D00CFBB8D /* Release */ = {
			isa = XCBuildConfiguration;
			buildSettings = {
				ASSETCATALOG_COMPILER_APPICON_NAME = AppIcon;
				ASSETCATALOG_COMPILER_GLOBAL_ACCENT_COLOR_NAME = AccentColor;
				CODE_SIGN_STYLE = Automatic;
				CURRENT_PROJECT_VERSION = 1;
				DEVELOPMENT_ASSET_PATHS = "\"gflProject/Preview Content\"";
				DEVELOPMENT_TEAM = D5BV56735U;
				ENABLE_PREVIEWS = YES;
				GENERATE_INFOPLIST_FILE = YES;
				INFOPLIST_KEY_UIApplicationSceneManifest_Generation = YES;
				INFOPLIST_KEY_UIApplicationSupportsIndirectInputEvents = YES;
				INFOPLIST_KEY_UILaunchScreen_Generation = YES;
				INFOPLIST_KEY_UISupportedInterfaceOrientations_iPad = "UIInterfaceOrientationPortrait UIInterfaceOrientationPortraitUpsideDown UIInterfaceOrientationLandscapeLeft UIInterfaceOrientationLandscapeRight";
				INFOPLIST_KEY_UISupportedInterfaceOrientations_iPhone = "UIInterfaceOrientationPortrait UIInterfaceOrientationLandscapeLeft UIInterfaceOrientationLandscapeRight";
				LD_RUNPATH_SEARCH_PATHS = (
					"$(inherited)",
					"@executable_path/Frameworks",
				);
				MARKETING_VERSION = 1.0;
				PRODUCT_BUNDLE_IDENTIFIER = br.com.matheusvinicius.gflproject.gflProject;
				PRODUCT_NAME = "$(TARGET_NAME)";
				SWIFT_EMIT_LOC_STRINGS = YES;
				SWIFT_VERSION = 5.0;
				TARGETED_DEVICE_FAMILY = "1,2";
			};
			name = Release;
		};
/* End XCBuildConfiguration section */

/* Begin XCConfigurationList section */
		C72AA90C284A7E6B00CFBB8D /* Build configuration list for PBXProject "gflProject" */ = {
			isa = XCConfigurationList;
			buildConfigurations = (
				C72AA91D284A7E6D00CFBB8D /* Debug */,
				C72AA91E284A7E6D00CFBB8D /* Release */,
			);
			defaultConfigurationIsVisible = 0;
			defaultConfigurationName = Release;
		};
		C72AA91F284A7E6D00CFBB8D /* Build configuration list for PBXNativeTarget "gflProject" */ = {
			isa = XCConfigurationList;
			buildConfigurations = (
				C72AA920284A7E6D00CFBB8D /* Debug */,
				C72AA921284A7E6D00CFBB8D /* Release */,
			);
			defaultConfigurationIsVisible = 0;
			defaultConfigurationName = Release;
		};
/* End XCConfigurationList section */
	};
	rootObject = C72AA909284A7E6B00CFBB8D /* Project object */;
}
